// !$*UTF8*$!
{
	archiveVersion = 1;
	classes = {
	};
	objectVersion = 54;
	objects = {

/* Begin PBXBuildFile section */
		E54BADE22D205EDE00828834 /* RealmSwift in Frameworks */ = {isa = PBXBuildFile; productRef = E54BADE12D205EDE00828834 /* RealmSwift */; };
		E54BADE42D20742700828834 /* Category.swift in Sources */ = {isa = PBXBuildFile; fileRef = E54BADE32D20742300828834 /* Category.swift */; };
		E54BADE62D20746D00828834 /* TodoeyItem.swift in Sources */ = {isa = PBXBuildFile; fileRef = E54BADE52D20746300828834 /* TodoeyItem.swift */; };
		E54BADE72D2079C100828834 /* RealmSwift in Embed Frameworks */ = {isa = PBXBuildFile; productRef = E54BADE12D205EDE00828834 /* RealmSwift */; settings = {ATTRIBUTES = (CodeSignOnCopy, ); }; };
		E5BB00682D1DE4DD0033EEEE /* TodoeyItemCell.swift in Sources */ = {isa = PBXBuildFile; fileRef = E5BB00672D1DE4DD0033EEEE /* TodoeyItemCell.swift */; };
		E5E3DAE22D1F82E4004FE759 /* CategoryViewController.swift in Sources */ = {isa = PBXBuildFile; fileRef = E5E3DAE12D1F82E4004FE759 /* CategoryViewController.swift */; };
		E5E3DAE42D1F833D004FE759 /* CategoryTableViewCell.swift in Sources */ = {isa = PBXBuildFile; fileRef = E5E3DAE32D1F833D004FE759 /* CategoryTableViewCell.swift */; };
		EB2BE4FA239524DB00FB933B /* AppDelegate.swift in Sources */ = {isa = PBXBuildFile; fileRef = EB2BE4F9239524DB00FB933B /* AppDelegate.swift */; };
		EB2BE4FE239524DB00FB933B /* TodoListViewController.swift in Sources */ = {isa = PBXBuildFile; fileRef = EB2BE4FD239524DB00FB933B /* TodoListViewController.swift */; };
		EB2BE501239524DB00FB933B /* Main.storyboard in Resources */ = {isa = PBXBuildFile; fileRef = EB2BE4FF239524DB00FB933B /* Main.storyboard */; };
		EB2BE503239524DC00FB933B /* Assets.xcassets in Resources */ = {isa = PBXBuildFile; fileRef = EB2BE502239524DC00FB933B /* Assets.xcassets */; };
		EB2BE506239524DC00FB933B /* LaunchScreen.storyboard in Resources */ = {isa = PBXBuildFile; fileRef = EB2BE504239524DC00FB933B /* LaunchScreen.storyboard */; };
/* End PBXBuildFile section */

/* Begin PBXCopyFilesBuildPhase section */
		E54BADE82D2079C100828834 /* Embed Frameworks */ = {
			isa = PBXCopyFilesBuildPhase;
			buildActionMask = 2147483647;
			dstPath = "";
			dstSubfolderSpec = 10;
			files = (
				E54BADE72D2079C100828834 /* RealmSwift in Embed Frameworks */,
			);
			name = "Embed Frameworks";
			runOnlyForDeploymentPostprocessing = 0;
		};
/* End PBXCopyFilesBuildPhase section */

/* Begin PBXFileReference section */
		E54BADE32D20742300828834 /* Category.swift */ = {isa = PBXFileReference; lastKnownFileType = sourcecode.swift; path = Category.swift; sourceTree = "<group>"; };
		E54BADE52D20746300828834 /* TodoeyItem.swift */ = {isa = PBXFileReference; lastKnownFileType = sourcecode.swift; path = TodoeyItem.swift; sourceTree = "<group>"; };
		E5BB00672D1DE4DD0033EEEE /* TodoeyItemCell.swift */ = {isa = PBXFileReference; lastKnownFileType = sourcecode.swift; path = TodoeyItemCell.swift; sourceTree = "<group>"; };
		E5E3DAE12D1F82E4004FE759 /* CategoryViewController.swift */ = {isa = PBXFileReference; lastKnownFileType = sourcecode.swift; path = CategoryViewController.swift; sourceTree = "<group>"; };
		E5E3DAE32D1F833D004FE759 /* CategoryTableViewCell.swift */ = {isa = PBXFileReference; lastKnownFileType = sourcecode.swift; path = CategoryTableViewCell.swift; sourceTree = "<group>"; };
		EB2BE4F6239524DB00FB933B /* Todoey.app */ = {isa = PBXFileReference; explicitFileType = wrapper.application; includeInIndex = 0; path = Todoey.app; sourceTree = BUILT_PRODUCTS_DIR; };
		EB2BE4F9239524DB00FB933B /* AppDelegate.swift */ = {isa = PBXFileReference; lastKnownFileType = sourcecode.swift; path = AppDelegate.swift; sourceTree = "<group>"; };
		EB2BE4FD239524DB00FB933B /* TodoListViewController.swift */ = {isa = PBXFileReference; lastKnownFileType = sourcecode.swift; path = TodoListViewController.swift; sourceTree = "<group>"; };
		EB2BE500239524DB00FB933B /* Base */ = {isa = PBXFileReference; lastKnownFileType = file.storyboard; name = Base; path = Base.lproj/Main.storyboard; sourceTree = "<group>"; };
		EB2BE502239524DC00FB933B /* Assets.xcassets */ = {isa = PBXFileReference; lastKnownFileType = folder.assetcatalog; path = Assets.xcassets; sourceTree = "<group>"; };
		EB2BE505239524DC00FB933B /* Base */ = {isa = PBXFileReference; lastKnownFileType = file.storyboard; name = Base; path = Base.lproj/LaunchScreen.storyboard; sourceTree = "<group>"; };
		EB2BE507239524DC00FB933B /* Info.plist */ = {isa = PBXFileReference; lastKnownFileType = text.plist.xml; path = Info.plist; sourceTree = "<group>"; };
/* End PBXFileReference section */

/* Begin PBXFrameworksBuildPhase section */
		EB2BE4F3239524DB00FB933B /* Frameworks */ = {
			isa = PBXFrameworksBuildPhase;
			buildActionMask = 2147483647;
			files = (
				E54BADE22D205EDE00828834 /* RealmSwift in Frameworks */,
			);
			runOnlyForDeploymentPostprocessing = 0;
		};
/* End PBXFrameworksBuildPhase section */

/* Begin PBXGroup section */
		E5E3DAC22D1E2033004FE759 /* Models */ = {
			isa = PBXGroup;
			children = (
				E54BADE52D20746300828834 /* TodoeyItem.swift */,
				E54BADE32D20742300828834 /* Category.swift */,
			);
			path = Models;
			sourceTree = "<group>";
		};
		E5E3DAC32D1E2048004FE759 /* Views */ = {
			isa = PBXGroup;
			children = (
				E5BB00672D1DE4DD0033EEEE /* TodoeyItemCell.swift */,
				EB2BE4FF239524DB00FB933B /* Main.storyboard */,
				EB2BE504239524DC00FB933B /* LaunchScreen.storyboard */,
				E5E3DAE32D1F833D004FE759 /* CategoryTableViewCell.swift */,
			);
			path = Views;
			sourceTree = "<group>";
		};
		E5E3DAC42D1E2069004FE759 /* Controllers */ = {
			isa = PBXGroup;
			children = (
				E5E3DAE12D1F82E4004FE759 /* CategoryViewController.swift */,
				EB2BE4FD239524DB00FB933B /* TodoListViewController.swift */,
			);
			path = Controllers;
			sourceTree = "<group>";
		};
		EB2BE4ED239524DB00FB933B = {
			isa = PBXGroup;
			children = (
				EB2BE4F8239524DB00FB933B /* Todoey */,
				EB2BE4F7239524DB00FB933B /* Products */,
			);
			sourceTree = "<group>";
		};
		EB2BE4F7239524DB00FB933B /* Products */ = {
			isa = PBXGroup;
			children = (
				EB2BE4F6239524DB00FB933B /* Todoey.app */,
			);
			name = Products;
			sourceTree = "<group>";
		};
		EB2BE4F8239524DB00FB933B /* Todoey */ = {
			isa = PBXGroup;
			children = (
				E5E3DAC42D1E2069004FE759 /* Controllers */,
				E5E3DAC32D1E2048004FE759 /* Views */,
				E5E3DAC22D1E2033004FE759 /* Models */,
				EB2BE4F9239524DB00FB933B /* AppDelegate.swift */,
				EB2BE502239524DC00FB933B /* Assets.xcassets */,
				EB2BE507239524DC00FB933B /* Info.plist */,
			);
			path = Todoey;
			sourceTree = "<group>";
		};
/* End PBXGroup section */

/* Begin PBXNativeTarget section */
		EB2BE4F5239524DB00FB933B /* Todoey */ = {
			isa = PBXNativeTarget;
			buildConfigurationList = EB2BE50A239524DC00FB933B /* Build configuration list for PBXNativeTarget "Todoey" */;
			buildPhases = (
				EB2BE4F2239524DB00FB933B /* Sources */,
				EB2BE4F3239524DB00FB933B /* Frameworks */,
				EB2BE4F4239524DB00FB933B /* Resources */,
				E54BADE82D2079C100828834 /* Embed Frameworks */,
			);
			buildRules = (
			);
			dependencies = (
			);
			name = Todoey;
			productName = Todoey;
			productReference = EB2BE4F6239524DB00FB933B /* Todoey.app */;
			productType = "com.apple.product-type.application";
		};
/* End PBXNativeTarget section */

/* Begin PBXProject section */
		EB2BE4EE239524DB00FB933B /* Project object */ = {
			isa = PBXProject;
			attributes = {
				LastSwiftUpdateCheck = 1120;
				LastUpgradeCheck = 1120;
				ORGANIZATIONNAME = "App Brewery";
				TargetAttributes = {
					EB2BE4F5239524DB00FB933B = {
						CreatedOnToolsVersion = 11.2.1;
					};
				};
			};
			buildConfigurationList = EB2BE4F1239524DB00FB933B /* Build configuration list for PBXProject "Todoey" */;
			compatibilityVersion = "Xcode 9.3";
			developmentRegion = en;
			hasScannedForEncodings = 0;
			knownRegions = (
				en,
				Base,
			);
			mainGroup = EB2BE4ED239524DB00FB933B;
			packageReferences = (
				E54BADE02D205EDE00828834 /* XCRemoteSwiftPackageReference "realm-swift" */,
			);
			productRefGroup = EB2BE4F7239524DB00FB933B /* Products */;
			projectDirPath = "";
			projectRoot = "";
			targets = (
				EB2BE4F5239524DB00FB933B /* Todoey */,
			);
		};
/* End PBXProject section */

/* Begin PBXResourcesBuildPhase section */
		EB2BE4F4239524DB00FB933B /* Resources */ = {
			isa = PBXResourcesBuildPhase;
			buildActionMask = 2147483647;
			files = (
				EB2BE506239524DC00FB933B /* LaunchScreen.storyboard in Resources */,
				EB2BE503239524DC00FB933B /* Assets.xcassets in Resources */,
				EB2BE501239524DB00FB933B /* Main.storyboard in Resources */,
			);
			runOnlyForDeploymentPostprocessing = 0;
		};
/* End PBXResourcesBuildPhase section */

/* Begin PBXSourcesBuildPhase section */
		EB2BE4F2239524DB00FB933B /* Sources */ = {
			isa = PBXSourcesBuildPhase;
			buildActionMask = 2147483647;
			files = (
				E5E3DAE22D1F82E4004FE759 /* CategoryViewController.swift in Sources */,
				EB2BE4FE239524DB00FB933B /* TodoListViewController.swift in Sources */,
				E5BB00682D1DE4DD0033EEEE /* TodoeyItemCell.swift in Sources */,
				EB2BE4FA239524DB00FB933B /* AppDelegate.swift in Sources */,
				E5E3DAE42D1F833D004FE759 /* CategoryTableViewCell.swift in Sources */,
				E54BADE42D20742700828834 /* Category.swift in Sources */,
				E54BADE62D20746D00828834 /* TodoeyItem.swift in Sources */,
			);
			runOnlyForDeploymentPostprocessing = 0;
		};
/* End PBXSourcesBuildPhase section */

/* Begin PBXVariantGroup section */
		EB2BE4FF239524DB00FB933B /* Main.storyboard */ = {
			isa = PBXVariantGroup;
			children = (
				EB2BE500239524DB00FB933B /* Base */,
			);
			name = Main.storyboard;
			sourceTree = "<group>";
		};
		EB2BE504239524DC00FB933B /* LaunchScreen.storyboard */ = {
			isa = PBXVariantGroup;
			children = (
				EB2BE505239524DC00FB933B /* Base */,
			);
			name = LaunchScreen.storyboard;
			sourceTree = "<group>";
		};
/* End PBXVariantGroup section */

/* Begin XCBuildConfiguration section */
		EB2BE508239524DC00FB933B /* Debug */ = {
			isa = XCBuildConfiguration;
			buildSettings = {
				ALWAYS_SEARCH_USER_PATHS = NO;
				CLANG_ANALYZER_NONNULL = YES;
				CLANG_ANALYZER_NUMBER_OBJECT_CONVERSION = YES_AGGRESSIVE;
				CLANG_CXX_LANGUAGE_STANDARD = "gnu++14";
				CLANG_CXX_LIBRARY = "libc++";
				CLANG_ENABLE_MODULES = YES;
				CLANG_ENABLE_OBJC_ARC = YES;
				CLANG_ENABLE_OBJC_WEAK = YES;
				CLANG_WARN_BLOCK_CAPTURE_AUTORELEASING = YES;
				CLANG_WARN_BOOL_CONVERSION = YES;
				CLANG_WARN_COMMA = YES;
				CLANG_WARN_CONSTANT_CONVERSION = YES;
				CLANG_WARN_DEPRECATED_OBJC_IMPLEMENTATIONS = YES;
				CLANG_WARN_DIRECT_OBJC_ISA_USAGE = YES_ERROR;
				CLANG_WARN_DOCUMENTATION_COMMENTS = YES;
				CLANG_WARN_EMPTY_BODY = YES;
				CLANG_WARN_ENUM_CONVERSION = YES;
				CLANG_WARN_INFINITE_RECURSION = YES;
				CLANG_WARN_INT_CONVERSION = YES;
				CLANG_WARN_NON_LITERAL_NULL_CONVERSION = YES;
				CLANG_WARN_OBJC_IMPLICIT_RETAIN_SELF = YES;
				CLANG_WARN_OBJC_LITERAL_CONVERSION = YES;
				CLANG_WARN_OBJC_ROOT_CLASS = YES_ERROR;
				CLANG_WARN_RANGE_LOOP_ANALYSIS = YES;
				CLANG_WARN_STRICT_PROTOTYPES = YES;
				CLANG_WARN_SUSPICIOUS_MOVE = YES;
				CLANG_WARN_UNGUARDED_AVAILABILITY = YES_AGGRESSIVE;
				CLANG_WARN_UNREACHABLE_CODE = YES;
				CLANG_WARN__DUPLICATE_METHOD_MATCH = YES;
				COPY_PHASE_STRIP = NO;
				DEBUG_INFORMATION_FORMAT = dwarf;
				ENABLE_STRICT_OBJC_MSGSEND = YES;
				ENABLE_TESTABILITY = YES;
				GCC_C_LANGUAGE_STANDARD = gnu11;
				GCC_DYNAMIC_NO_PIC = NO;
				GCC_NO_COMMON_BLOCKS = YES;
				GCC_OPTIMIZATION_LEVEL = 0;
				GCC_PREPROCESSOR_DEFINITIONS = (
					"DEBUG=1",
					"$(inherited)",
				);
				GCC_WARN_64_TO_32_BIT_CONVERSION = YES;
				GCC_WARN_ABOUT_RETURN_TYPE = YES_ERROR;
				GCC_WARN_UNDECLARED_SELECTOR = YES;
				GCC_WARN_UNINITIALIZED_AUTOS = YES_AGGRESSIVE;
				GCC_WARN_UNUSED_FUNCTION = YES;
				GCC_WARN_UNUSED_VARIABLE = YES;
				IPHONEOS_DEPLOYMENT_TARGET = 18.0;
				MTL_ENABLE_DEBUG_INFO = INCLUDE_SOURCE;
				MTL_FAST_MATH = YES;
				ONLY_ACTIVE_ARCH = YES;
				SDKROOT = iphoneos;
				SWIFT_ACTIVE_COMPILATION_CONDITIONS = DEBUG;
				SWIFT_OPTIMIZATION_LEVEL = "-Onone";
			};
			name = Debug;
		};
		EB2BE509239524DC00FB933B /* Release */ = {
			isa = XCBuildConfiguration;
			buildSettings = {
				ALWAYS_SEARCH_USER_PATHS = NO;
				CLANG_ANALYZER_NONNULL = YES;
				CLANG_ANALYZER_NUMBER_OBJECT_CONVERSION = YES_AGGRESSIVE;
				CLANG_CXX_LANGUAGE_STANDARD = "gnu++14";
				CLANG_CXX_LIBRARY = "libc++";
				CLANG_ENABLE_MODULES = YES;
				CLANG_ENABLE_OBJC_ARC = YES;
				CLANG_ENABLE_OBJC_WEAK = YES;
				CLANG_WARN_BLOCK_CAPTURE_AUTORELEASING = YES;
				CLANG_WARN_BOOL_CONVERSION = YES;
				CLANG_WARN_COMMA = YES;
				CLANG_WARN_CONSTANT_CONVERSION = YES;
				CLANG_WARN_DEPRECATED_OBJC_IMPLEMENTATIONS = YES;
				CLANG_WARN_DIRECT_OBJC_ISA_USAGE = YES_ERROR;
				CLANG_WARN_DOCUMENTATION_COMMENTS = YES;
				CLANG_WARN_EMPTY_BODY = YES;
				CLANG_WARN_ENUM_CONVERSION = YES;
				CLANG_WARN_INFINITE_RECURSION = YES;
				CLANG_WARN_INT_CONVERSION = YES;
				CLANG_WARN_NON_LITERAL_NULL_CONVERSION = YES;
				CLANG_WARN_OBJC_IMPLICIT_RETAIN_SELF = YES;
				CLANG_WARN_OBJC_LITERAL_CONVERSION = YES;
				CLANG_WARN_OBJC_ROOT_CLASS = YES_ERROR;
				CLANG_WARN_RANGE_LOOP_ANALYSIS = YES;
				CLANG_WARN_STRICT_PROTOTYPES = YES;
				CLANG_WARN_SUSPICIOUS_MOVE = YES;
				CLANG_WARN_UNGUARDED_AVAILABILITY = YES_AGGRESSIVE;
				CLANG_WARN_UNREACHABLE_CODE = YES;
				CLANG_WARN__DUPLICATE_METHOD_MATCH = YES;
				COPY_PHASE_STRIP = NO;
				DEBUG_INFORMATION_FORMAT = "dwarf-with-dsym";
				ENABLE_NS_ASSERTIONS = NO;
				ENABLE_STRICT_OBJC_MSGSEND = YES;
				GCC_C_LANGUAGE_STANDARD = gnu11;
				GCC_NO_COMMON_BLOCKS = YES;
				GCC_WARN_64_TO_32_BIT_CONVERSION = YES;
				GCC_WARN_ABOUT_RETURN_TYPE = YES_ERROR;
				GCC_WARN_UNDECLARED_SELECTOR = YES;
				GCC_WARN_UNINITIALIZED_AUTOS = YES_AGGRESSIVE;
				GCC_WARN_UNUSED_FUNCTION = YES;
				GCC_WARN_UNUSED_VARIABLE = YES;
				IPHONEOS_DEPLOYMENT_TARGET = 18.0;
				MTL_ENABLE_DEBUG_INFO = NO;
				MTL_FAST_MATH = YES;
				SDKROOT = iphoneos;
				SWIFT_COMPILATION_MODE = wholemodule;
				SWIFT_OPTIMIZATION_LEVEL = "-O";
				VALIDATE_PRODUCT = YES;
			};
			name = Release;
		};
		EB2BE50B239524DC00FB933B /* Debug */ = {
			isa = XCBuildConfiguration;
			buildSettings = {
				ASSETCATALOG_COMPILER_APPICON_NAME = AppIcon;
				CODE_SIGN_STYLE = Automatic;
				DEVELOPMENT_TEAM = L7UNRCRJCD;
				INFOPLIST_FILE = Todoey/Info.plist;
				IPHONEOS_DEPLOYMENT_TARGET = 13;
				LD_RUNPATH_SEARCH_PATHS = (
					"$(inherited)",
					"@executable_path/Frameworks",
				);
				PRODUCT_BUNDLE_IDENTIFIER = com.omarassidi.todoey;
				PRODUCT_NAME = "$(TARGET_NAME)";
				SWIFT_VERSION = 5.0;
				TARGETED_DEVICE_FAMILY = "1,2";
			};
			name = Debug;
		};
		EB2BE50C239524DC00FB933B /* Release */ = {
			isa = XCBuildConfiguration;
			buildSettings = {
				ASSETCATALOG_COMPILER_APPICON_NAME = AppIcon;
				CODE_SIGN_STYLE = Automatic;
				DEVELOPMENT_TEAM = L7UNRCRJCD;
				INFOPLIST_FILE = Todoey/Info.plist;
				IPHONEOS_DEPLOYMENT_TARGET = 13;
				LD_RUNPATH_SEARCH_PATHS = (
					"$(inherited)",
					"@executable_path/Frameworks",
				);
				PRODUCT_BUNDLE_IDENTIFIER = com.omarassidi.todoey;
				PRODUCT_NAME = "$(TARGET_NAME)";
				SWIFT_VERSION = 5.0;
				TARGETED_DEVICE_FAMILY = "1,2";
			};
			name = Release;
		};
/* End XCBuildConfiguration section */

/* Begin XCConfigurationList section */
		EB2BE4F1239524DB00FB933B /* Build configuration list for PBXProject "Todoey" */ = {
			isa = XCConfigurationList;
			buildConfigurations = (
				EB2BE508239524DC00FB933B /* Debug */,
				EB2BE509239524DC00FB933B /* Release */,
			);
			defaultConfigurationIsVisible = 0;
			defaultConfigurationName = Release;
		};
		EB2BE50A239524DC00FB933B /* Build configuration list for PBXNativeTarget "Todoey" */ = {
			isa = XCConfigurationList;
			buildConfigurations = (
				EB2BE50B239524DC00FB933B /* Debug */,
				EB2BE50C239524DC00FB933B /* Release */,
			);
			defaultConfigurationIsVisible = 0;
			defaultConfigurationName = Release;
		};
/* End XCConfigurationList section */

/* Begin XCRemoteSwiftPackageReference section */
		E54BADE02D205EDE00828834 /* XCRemoteSwiftPackageReference "realm-swift" */ = {
			isa = XCRemoteSwiftPackageReference;
			repositoryURL = "https://github.com/realm/realm-swift.git";
			requirement = {
				kind = upToNextMajorVersion;
				minimumVersion = 20.0.1;
			};
		};
/* End XCRemoteSwiftPackageReference section */

/* Begin XCSwiftPackageProductDependency section */
		E54BADE12D205EDE00828834 /* RealmSwift */ = {
			isa = XCSwiftPackageProductDependency;
			package = E54BADE02D205EDE00828834 /* XCRemoteSwiftPackageReference "realm-swift" */;
			productName = RealmSwift;
		};
/* End XCSwiftPackageProductDependency section */
	};
	rootObject = EB2BE4EE239524DB00FB933B /* Project object */;
}
